
Microsoft Visual Studio Solution File, Format Version 12.00
# Visual Studio Version 16
VisualStudioVersion = 16.0.30621.155
MinimumVisualStudioVersion = 10.0.40219.1
Project("{FAE04EC0-301F-11D3-BF4B-00C04F79EFBC}") = "ConsoleMonsters", "PokeFight\ConsoleMonsters.csproj", "{53CC25D0-2B8B-4832-949E-FEFB7B3EDEE7}"
EndProject
Global
	GlobalSection(SolutionConfigurationPlatforms) = preSolution
		Debug|Any CPU = Debug|Any CPU
		Release|Any CPU = Release|Any CPU
	EndGlobalSection
	GlobalSection(ProjectConfigurationPlatforms) = postSolution
		{53CC25D0-2B8B-4832-949E-FEFB7B3EDEE7}.Debug|Any CPU.ActiveCfg = Debug|Any CPU
		{53CC25D0-2B8B-4832-949E-FEFB7B3EDEE7}.Debug|Any CPU.Build.0 = Debug|Any CPU
		{53CC25D0-2B8B-4832-949E-FEFB7B3EDEE7}.Release|Any CPU.ActiveCfg = Release|Any CPU
		{53CC25D0-2B8B-4832-949E-FEFB7B3EDEE7}.Release|Any CPU.Build.0 = Release|Any CPU
	EndGlobalSection
	GlobalSection(SolutionProperties) = preSolution
		HideSolutionNode = FALSE
	EndGlobalSection
	GlobalSection(ExtensibilityGlobals) = postSolution
		SolutionGuid = {86DF48DD-C7B8-4918-8D96-3DD92D2DADED}
	EndGlobalSection
EndGlobal
